
Microsoft Visual Studio Solution File, Format Version 12.00
# Visual Studio 15
Project("{f2a71f9b-5d33-465a-a702-920d77279786}") = "ChickenSoftware.PopupDialog.iOS", "iOS\ChickenSoftware.PopupDialog.iOS.fsproj", "{914CF4B2-5E47-4042-ABCD-0814BF3B79A3}"
EndProject
Project("{f2a71f9b-5d33-465a-a702-920d77279786}") = "ChickenSoftware.PopupDialog.Droid", "Droid\ChickenSoftware.PopupDialog.Droid.fsproj", "{95B699D0-7CEE-4220-8D0A-449604FE7EF2}"
EndProject
Project("{f2a71f9b-5d33-465a-a702-920d77279786}") = "ChickenSoftware.PopupDialog", "ChickenSoftware.PopupDialog\ChickenSoftware.PopupDialog.fsproj", "{23775DB2-2F03-46F9-97E5-FF264050800F}"
EndProject
Global
	GlobalSection(SolutionConfigurationPlatforms) = preSolution
		Debug|iPhoneSimulator = Debug|iPhoneSimulator
		Release|iPhone = Release|iPhone
		Release|iPhoneSimulator = Release|iPhoneSimulator
		Debug|iPhone = Debug|iPhone
		Debug|Any CPU = Debug|Any CPU
		Release|Any CPU = Release|Any CPU
	EndGlobalSection
	GlobalSection(ProjectConfigurationPlatforms) = postSolution
		{914CF4B2-5E47-4042-ABCD-0814BF3B79A3}.Debug|iPhoneSimulator.ActiveCfg = Debug|iPhoneSimulator
		{914CF4B2-5E47-4042-ABCD-0814BF3B79A3}.Debug|iPhoneSimulator.Build.0 = Debug|iPhoneSimulator
		{914CF4B2-5E47-4042-ABCD-0814BF3B79A3}.Release|iPhone.ActiveCfg = Release|iPhone
		{914CF4B2-5E47-4042-ABCD-0814BF3B79A3}.Release|iPhone.Build.0 = Release|iPhone
		{914CF4B2-5E47-4042-ABCD-0814BF3B79A3}.Release|iPhoneSimulator.ActiveCfg = Release|iPhoneSimulator
		{914CF4B2-5E47-4042-ABCD-0814BF3B79A3}.Release|iPhoneSimulator.Build.0 = Release|iPhoneSimulator
		{914CF4B2-5E47-4042-ABCD-0814BF3B79A3}.Debug|iPhone.ActiveCfg = Debug|iPhone
		{914CF4B2-5E47-4042-ABCD-0814BF3B79A3}.Debug|iPhone.Build.0 = Debug|iPhone
		{914CF4B2-5E47-4042-ABCD-0814BF3B79A3}.Debug|Any CPU.ActiveCfg = Debug|iPhoneSimulator
		{914CF4B2-5E47-4042-ABCD-0814BF3B79A3}.Debug|Any CPU.Build.0 = Debug|iPhoneSimulator
		{914CF4B2-5E47-4042-ABCD-0814BF3B79A3}.Release|Any CPU.ActiveCfg = Release|iPhone
		{914CF4B2-5E47-4042-ABCD-0814BF3B79A3}.Release|Any CPU.Build.0 = Release|iPhone
		{95B699D0-7CEE-4220-8D0A-449604FE7EF2}.Debug|iPhoneSimulator.ActiveCfg = Debug|Any CPU
		{95B699D0-7CEE-4220-8D0A-449604FE7EF2}.Debug|iPhoneSimulator.Build.0 = Debug|Any CPU
		{95B699D0-7CEE-4220-8D0A-449604FE7EF2}.Release|iPhone.ActiveCfg = Release|Any CPU
		{95B699D0-7CEE-4220-8D0A-449604FE7EF2}.Release|iPhone.Build.0 = Release|Any CPU
		{95B699D0-7CEE-4220-8D0A-449604FE7EF2}.Release|iPhoneSimulator.ActiveCfg = Release|Any CPU
		{95B699D0-7CEE-4220-8D0A-449604FE7EF2}.Release|iPhoneSimulator.Build.0 = Release|Any CPU
		{95B699D0-7CEE-4220-8D0A-449604FE7EF2}.Debug|iPhone.ActiveCfg = Debug|Any CPU
		{95B699D0-7CEE-4220-8D0A-449604FE7EF2}.Debug|iPhone.Build.0 = Debug|Any CPU
		{95B699D0-7CEE-4220-8D0A-449604FE7EF2}.Debug|Any CPU.ActiveCfg = Debug|Any CPU
		{95B699D0-7CEE-4220-8D0A-449604FE7EF2}.Debug|Any CPU.Build.0 = Debug|Any CPU
		{95B699D0-7CEE-4220-8D0A-449604FE7EF2}.Release|Any CPU.ActiveCfg = Release|Any CPU
		{95B699D0-7CEE-4220-8D0A-449604FE7EF2}.Release|Any CPU.Build.0 = Release|Any CPU
		{23775DB2-2F03-46F9-97E5-FF264050800F}.Debug|iPhoneSimulator.ActiveCfg = Debug|Any CPU
		{23775DB2-2F03-46F9-97E5-FF264050800F}.Debug|iPhoneSimulator.Build.0 = Debug|Any CPU
		{23775DB2-2F03-46F9-97E5-FF264050800F}.Release|iPhone.ActiveCfg = Release|Any CPU
		{23775DB2-2F03-46F9-97E5-FF264050800F}.Release|iPhone.Build.0 = Release|Any CPU
		{23775DB2-2F03-46F9-97E5-FF264050800F}.Release|iPhoneSimulator.ActiveCfg = Release|Any CPU
		{23775DB2-2F03-46F9-97E5-FF264050800F}.Release|iPhoneSimulator.Build.0 = Release|Any CPU
		{23775DB2-2F03-46F9-97E5-FF264050800F}.Debug|iPhone.ActiveCfg = Debug|Any CPU
		{23775DB2-2F03-46F9-97E5-FF264050800F}.Debug|iPhone.Build.0 = Debug|Any CPU
		{23775DB2-2F03-46F9-97E5-FF264050800F}.Debug|Any CPU.ActiveCfg = Debug|Any CPU
		{23775DB2-2F03-46F9-97E5-FF264050800F}.Debug|Any CPU.Build.0 = Debug|Any CPU
		{23775DB2-2F03-46F9-97E5-FF264050800F}.Release|Any CPU.ActiveCfg = Release|Any CPU
		{23775DB2-2F03-46F9-97E5-FF264050800F}.Release|Any CPU.Build.0 = Release|Any CPU
	EndGlobalSection
EndGlobal
