
Microsoft Visual Studio Solution File, Format Version 12.00
# Visual Studio 15
Project("{f2a71f9b-5d33-465a-a702-920d77279786}") = "ChickenSoftware.TopMenu.iOS", "iOS\ChickenSoftware.TopMenu.iOS.fsproj", "{826C7259-A205-43B3-B389-AC2033BDED31}"
EndProject
Project("{f2a71f9b-5d33-465a-a702-920d77279786}") = "ChickenSoftware.TopMenu.Droid", "Droid\ChickenSoftware.TopMenu.Droid.fsproj", "{2C0187EB-C389-4C5D-9D20-6B368172651C}"
EndProject
Project("{f2a71f9b-5d33-465a-a702-920d77279786}") = "ChickenSoftware.TopMenu", "ChickenSoftware.TopMenu\ChickenSoftware.TopMenu.fsproj", "{F141FC37-78B9-41DE-BC86-4ACCD90B6BB4}"
EndProject
Global
	GlobalSection(SolutionConfigurationPlatforms) = preSolution
		Debug|iPhoneSimulator = Debug|iPhoneSimulator
		Release|iPhone = Release|iPhone
		Release|iPhoneSimulator = Release|iPhoneSimulator
		Debug|iPhone = Debug|iPhone
		Debug|Any CPU = Debug|Any CPU
		Release|Any CPU = Release|Any CPU
	EndGlobalSection
	GlobalSection(ProjectConfigurationPlatforms) = postSolution
		{826C7259-A205-43B3-B389-AC2033BDED31}.Debug|iPhoneSimulator.ActiveCfg = Debug|iPhoneSimulator
		{826C7259-A205-43B3-B389-AC2033BDED31}.Debug|iPhoneSimulator.Build.0 = Debug|iPhoneSimulator
		{826C7259-A205-43B3-B389-AC2033BDED31}.Release|iPhone.ActiveCfg = Release|iPhone
		{826C7259-A205-43B3-B389-AC2033BDED31}.Release|iPhone.Build.0 = Release|iPhone
		{826C7259-A205-43B3-B389-AC2033BDED31}.Release|iPhoneSimulator.ActiveCfg = Release|iPhoneSimulator
		{826C7259-A205-43B3-B389-AC2033BDED31}.Release|iPhoneSimulator.Build.0 = Release|iPhoneSimulator
		{826C7259-A205-43B3-B389-AC2033BDED31}.Debug|iPhone.ActiveCfg = Debug|iPhone
		{826C7259-A205-43B3-B389-AC2033BDED31}.Debug|iPhone.Build.0 = Debug|iPhone
		{826C7259-A205-43B3-B389-AC2033BDED31}.Debug|Any CPU.ActiveCfg = Debug|iPhoneSimulator
		{826C7259-A205-43B3-B389-AC2033BDED31}.Debug|Any CPU.Build.0 = Debug|iPhoneSimulator
		{826C7259-A205-43B3-B389-AC2033BDED31}.Release|Any CPU.ActiveCfg = Release|iPhone
		{826C7259-A205-43B3-B389-AC2033BDED31}.Release|Any CPU.Build.0 = Release|iPhone
		{2C0187EB-C389-4C5D-9D20-6B368172651C}.Debug|iPhoneSimulator.ActiveCfg = Debug|Any CPU
		{2C0187EB-C389-4C5D-9D20-6B368172651C}.Debug|iPhoneSimulator.Build.0 = Debug|Any CPU
		{2C0187EB-C389-4C5D-9D20-6B368172651C}.Release|iPhone.ActiveCfg = Release|Any CPU
		{2C0187EB-C389-4C5D-9D20-6B368172651C}.Release|iPhone.Build.0 = Release|Any CPU
		{2C0187EB-C389-4C5D-9D20-6B368172651C}.Release|iPhoneSimulator.ActiveCfg = Release|Any CPU
		{2C0187EB-C389-4C5D-9D20-6B368172651C}.Release|iPhoneSimulator.Build.0 = Release|Any CPU
		{2C0187EB-C389-4C5D-9D20-6B368172651C}.Debug|iPhone.ActiveCfg = Debug|Any CPU
		{2C0187EB-C389-4C5D-9D20-6B368172651C}.Debug|iPhone.Build.0 = Debug|Any CPU
		{2C0187EB-C389-4C5D-9D20-6B368172651C}.Debug|Any CPU.ActiveCfg = Debug|Any CPU
		{2C0187EB-C389-4C5D-9D20-6B368172651C}.Debug|Any CPU.Build.0 = Debug|Any CPU
		{2C0187EB-C389-4C5D-9D20-6B368172651C}.Release|Any CPU.ActiveCfg = Release|Any CPU
		{2C0187EB-C389-4C5D-9D20-6B368172651C}.Release|Any CPU.Build.0 = Release|Any CPU
		{F141FC37-78B9-41DE-BC86-4ACCD90B6BB4}.Debug|iPhoneSimulator.ActiveCfg = Debug|Any CPU
		{F141FC37-78B9-41DE-BC86-4ACCD90B6BB4}.Debug|iPhoneSimulator.Build.0 = Debug|Any CPU
		{F141FC37-78B9-41DE-BC86-4ACCD90B6BB4}.Release|iPhone.ActiveCfg = Release|Any CPU
		{F141FC37-78B9-41DE-BC86-4ACCD90B6BB4}.Release|iPhone.Build.0 = Release|Any CPU
		{F141FC37-78B9-41DE-BC86-4ACCD90B6BB4}.Release|iPhoneSimulator.ActiveCfg = Release|Any CPU
		{F141FC37-78B9-41DE-BC86-4ACCD90B6BB4}.Release|iPhoneSimulator.Build.0 = Release|Any CPU
		{F141FC37-78B9-41DE-BC86-4ACCD90B6BB4}.Debug|iPhone.ActiveCfg = Debug|Any CPU
		{F141FC37-78B9-41DE-BC86-4ACCD90B6BB4}.Debug|iPhone.Build.0 = Debug|Any CPU
		{F141FC37-78B9-41DE-BC86-4ACCD90B6BB4}.Debug|Any CPU.ActiveCfg = Debug|Any CPU
		{F141FC37-78B9-41DE-BC86-4ACCD90B6BB4}.Debug|Any CPU.Build.0 = Debug|Any CPU
		{F141FC37-78B9-41DE-BC86-4ACCD90B6BB4}.Release|Any CPU.ActiveCfg = Release|Any CPU
		{F141FC37-78B9-41DE-BC86-4ACCD90B6BB4}.Release|Any CPU.Build.0 = Release|Any CPU
	EndGlobalSection
EndGlobal
